# THIS IS AN AUTOGENERATED FILE. DO NOT EDIT THIS FILE DIRECTLY.
# yarn lockfile v1


is@^3.1.0:
  version "3.3.0"
  resolved "https://registry.yarnpkg.com/is/-/is-3.3.0.tgz#61cff6dd3c4193db94a3d62582072b44e5645d79"
  integrity sha512-nW24QBoPcFGGHJGUwnfpI7Yc5CdqWNdsyHQszVE/z2pKHXzh7FZ5GWhJqSyaQ9wMkQnsTx+kAI8bHlCX4tKdbg==

minimist@1.2.0:
  version "1.2.0"
  resolved "https://registry.yarnpkg.com/minimist/-/minimist-1.2.0.tgz#a35008b20f41383eec1fb914f4cd5df79a264284"
  integrity sha1-o1AIsg9BOD7sH7kU9M1d95omQoQ=

node.extend@1.1.6:
  version "1.1.6"
  resolved "https://registry.yarnpkg.com/node.extend/-/node.extend-1.1.6.tgz#a7b882c82d6c93a4863a5504bd5de8ec86258b96"
  integrity sha1-p7iCyC1sk6SGOlUEvV3o7IYli5Y=
  dependencies:
    is "^3.1.0"
